<?xml version="1.0" encoding="utf-8"?>
<Project ToolsVersion="17.0" xmlns="http://schemas.microsoft.com/developer/msbuild/2003">
  <ItemGroup>
    <ClCompile Include="C:\Users\LastWeek\CLionProjects\OpenGL_Proj\lib\freeglut-3.4.0\progs\demos\shapes\shapes.c">
      <Filter>Source Files</Filter>
    </ClCompile>
    <ClCompile Include="C:\Users\LastWeek\CLionProjects\OpenGL_Proj\lib\freeglut-3.4.0\progs\demos\shapes\glmatrix.c">
      <Filter>Source Files</Filter>
    </ClCompile>
  </ItemGroup>
  <ItemGroup>
    <ClInclude Include="C:\Users\LastWeek\CLionProjects\OpenGL_Proj\lib\freeglut-3.4.0\progs\demos\shapes\glmatrix.h">
      <Filter>Header Files</Filter>
    </ClInclude>
  </ItemGroup>
  <ItemGroup>
    <CustomBuild Include="C:\Users\LastWeek\CLionProjects\OpenGL_Proj\lib\freeglut-3.4.0\CMakeLists.txt" />
  </ItemGroup>
  <ItemGroup>
    <Filter Include="Header Files">
      <UniqueIdentifier>{753177E4-C9FA-3004-97A6-35313D374C77}</UniqueIdentifier>
    </Filter>
    <Filter Include="Source Files">
      <UniqueIdentifier>{92F71701-A30D-337C-A748-C24A66BAE5A2}</UniqueIdentifier>
    </Filter>
  </ItemGroup>
</Project>
